
Microsoft Visual Studio Solution File, Format Version 12.00
# Visual Studio Version 17
VisualStudioVersion = 17.11.35327.3
MinimumVisualStudioVersion = 10.0.40219.1
Project("{FAE04EC0-301F-11D3-BF4B-00C04F79EFBC}") = "ConsoleApp4", "ConsoleApp4\ConsoleApp4.csproj", "{73EA987A-3DF1-475D-AC96-492ECA9E2BF8}"
EndProject
Global
	GlobalSection(SolutionConfigurationPlatforms) = preSolution
		Debug|Any CPU = Debug|Any CPU
		Release|Any CPU = Release|Any CPU
	EndGlobalSection
	GlobalSection(ProjectConfigurationPlatforms) = postSolution
		{73EA987A-3DF1-475D-AC96-492ECA9E2BF8}.Debug|Any CPU.ActiveCfg = Debug|Any CPU
		{73EA987A-3DF1-475D-AC96-492ECA9E2BF8}.Debug|Any CPU.Build.0 = Debug|Any CPU
		{73EA987A-3DF1-475D-AC96-492ECA9E2BF8}.Release|Any CPU.ActiveCfg = Release|Any CPU
		{73EA987A-3DF1-475D-AC96-492ECA9E2BF8}.Release|Any CPU.Build.0 = Release|Any CPU
	EndGlobalSection
	GlobalSection(SolutionProperties) = preSolution
		HideSolutionNode = FALSE
	EndGlobalSection
	GlobalSection(ExtensibilityGlobals) = postSolution
		SolutionGuid = {78698908-0F26-47B8-A3EC-446179E8617A}
	EndGlobalSection
EndGlobal
