
Microsoft Visual Studio Solution File, Format Version 12.00
# Visual Studio Version 17
VisualStudioVersion = 17.11.35327.3
MinimumVisualStudioVersion = 10.0.40219.1
Project("{FAE04EC0-301F-11D3-BF4B-00C04F79EFBC}") = "ConsoleApp5", "ConsoleApp5\ConsoleApp5.csproj", "{90BD2B5C-5523-4854-BC77-CDDF827FD16E}"
EndProject
Global
	GlobalSection(SolutionConfigurationPlatforms) = preSolution
		Debug|Any CPU = Debug|Any CPU
		Release|Any CPU = Release|Any CPU
	EndGlobalSection
	GlobalSection(ProjectConfigurationPlatforms) = postSolution
		{90BD2B5C-5523-4854-BC77-CDDF827FD16E}.Debug|Any CPU.ActiveCfg = Debug|Any CPU
		{90BD2B5C-5523-4854-BC77-CDDF827FD16E}.Debug|Any CPU.Build.0 = Debug|Any CPU
		{90BD2B5C-5523-4854-BC77-CDDF827FD16E}.Release|Any CPU.ActiveCfg = Release|Any CPU
		{90BD2B5C-5523-4854-BC77-CDDF827FD16E}.Release|Any CPU.Build.0 = Release|Any CPU
	EndGlobalSection
	GlobalSection(SolutionProperties) = preSolution
		HideSolutionNode = FALSE
	EndGlobalSection
	GlobalSection(ExtensibilityGlobals) = postSolution
		SolutionGuid = {978B7874-5529-407F-B77A-73C46872E3DF}
	EndGlobalSection
EndGlobal
